Microsoft Visual Studio Solution File, Format Version 12.00
# Visual Studio Version 17
VisualStudioVersion = 17.5.2.0
MinimumVisualStudioVersion = 10.0.40219.1
Project("{FAE04EC0-301F-11D3-BF4B-00C04F79EFBC}") = "JobBridge", "JobBridge\JobBridge.csproj", "{BDFAC1D7-4717-5D0F-0024-3F4746C2EC0B}"
EndProject
Global
	GlobalSection(SolutionConfigurationPlatforms) = preSolution
		Debug|Any CPU = Debug|Any CPU
		Release|Any CPU = Release|Any CPU
	EndGlobalSection
	GlobalSection(ProjectConfigurationPlatforms) = postSolution
		{BDFAC1D7-4717-5D0F-0024-3F4746C2EC0B}.Debug|Any CPU.ActiveCfg = Debug|Any CPU
		{BDFAC1D7-4717-5D0F-0024-3F4746C2EC0B}.Debug|Any CPU.Build.0 = Debug|Any CPU
		{BDFAC1D7-4717-5D0F-0024-3F4746C2EC0B}.Release|Any CPU.ActiveCfg = Release|Any CPU
		{BDFAC1D7-4717-5D0F-0024-3F4746C2EC0B}.Release|Any CPU.Build.0 = Release|Any CPU
	EndGlobalSection
	GlobalSection(SolutionProperties) = preSolution
		HideSolutionNode = FALSE
	EndGlobalSection
	GlobalSection(ExtensibilityGlobals) = postSolution
		SolutionGuid = {9F8BA979-9CB7-488C-B4D8-5F15E9F2F6D6}
	EndGlobalSection
EndGlobal
