Microsoft Visual Studio Solution File, Format Version 12.00
# Visual Studio Version 17
VisualStudioVersion = 17.5.2.0
MinimumVisualStudioVersion = 10.0.40219.1
Project("{FAE04EC0-301F-11D3-BF4B-00C04F79EFBC}") = "JobBridge", "JobBridge.csproj", "{5C61A730-2F98-6F25-B0D3-CE88D6A59BB1}"
EndProject
Global
	GlobalSection(SolutionConfigurationPlatforms) = preSolution
		Debug|Any CPU = Debug|Any CPU
		Release|Any CPU = Release|Any CPU
	EndGlobalSection
	GlobalSection(ProjectConfigurationPlatforms) = postSolution
		{5C61A730-2F98-6F25-B0D3-CE88D6A59BB1}.Debug|Any CPU.ActiveCfg = Debug|Any CPU
		{5C61A730-2F98-6F25-B0D3-CE88D6A59BB1}.Debug|Any CPU.Build.0 = Debug|Any CPU
		{5C61A730-2F98-6F25-B0D3-CE88D6A59BB1}.Release|Any CPU.ActiveCfg = Release|Any CPU
		{5C61A730-2F98-6F25-B0D3-CE88D6A59BB1}.Release|Any CPU.Build.0 = Release|Any CPU
	EndGlobalSection
	GlobalSection(SolutionProperties) = preSolution
		HideSolutionNode = FALSE
	EndGlobalSection
	GlobalSection(ExtensibilityGlobals) = postSolution
		SolutionGuid = {169BE2AD-E01A-4C9F-B287-8A530579B330}
	EndGlobalSection
EndGlobal
